
Microsoft Visual Studio Solution File, Format Version 12.00
# Visual Studio Version 17
VisualStudioVersion = 17.8.34511.84
MinimumVisualStudioVersion = 10.0.40219.1
Project("{9A19103F-16F7-4668-BE54-9A1E7A4F7556}") = "e-commerce", "e-commerce.csproj", "{41C8BDCB-A377-4094-97E7-96E8E11513CF}"
EndProject
Global
	GlobalSection(SolutionConfigurationPlatforms) = preSolution
		Debug|Any CPU = Debug|Any CPU
		Release|Any CPU = Release|Any CPU
	EndGlobalSection
	GlobalSection(ProjectConfigurationPlatforms) = postSolution
		{41C8BDCB-A377-4094-97E7-96E8E11513CF}.Debug|Any CPU.ActiveCfg = Debug|Any CPU
		{41C8BDCB-A377-4094-97E7-96E8E11513CF}.Debug|Any CPU.Build.0 = Debug|Any CPU
		{41C8BDCB-A377-4094-97E7-96E8E11513CF}.Release|Any CPU.ActiveCfg = Release|Any CPU
		{41C8BDCB-A377-4094-97E7-96E8E11513CF}.Release|Any CPU.Build.0 = Release|Any CPU
	EndGlobalSection
	GlobalSection(SolutionProperties) = preSolution
		HideSolutionNode = FALSE
	EndGlobalSection
	GlobalSection(ExtensibilityGlobals) = postSolution
		SolutionGuid = {C0245EC6-F6B5-44A9-A38C-29EF23255C85}
	EndGlobalSection
EndGlobal
